// !$*UTF8*$!
{
	archiveVersion = 1;
	classes = {
	};
	objectVersion = 50;
	objects = {

/* Begin PBXBuildFile section */
		637180D422AC29C200E2CB3A /* AppDelegate.swift in Sources */ = {isa = PBXBuildFile; fileRef = 637180D322AC29C200E2CB3A /* AppDelegate.swift */; };
		637180D622AC29C200E2CB3A /* ViewController.swift in Sources */ = {isa = PBXBuildFile; fileRef = 637180D522AC29C200E2CB3A /* ViewController.swift */; };
		637180D922AC29C200E2CB3A /* Main.storyboard in Resources */ = {isa = PBXBuildFile; fileRef = 637180D722AC29C200E2CB3A /* Main.storyboard */; };
		637180DB22AC29C400E2CB3A /* Assets.xcassets in Resources */ = {isa = PBXBuildFile; fileRef = 637180DA22AC29C400E2CB3A /* Assets.xcassets */; };
		637180DE22AC29C400E2CB3A /* LaunchScreen.storyboard in Resources */ = {isa = PBXBuildFile; fileRef = 637180DC22AC29C400E2CB3A /* LaunchScreen.storyboard */; };
		637180EA22AC29F700E2CB3A /* Community.xcdatamodeld in Sources */ = {isa = PBXBuildFile; fileRef = 637180E822AC29F700E2CB3A /* Community.xcdatamodeld */; };
		637180F522AC2B8800E2CB3A /* CommunityGroupMock.json in Resources */ = {isa = PBXBuildFile; fileRef = 637180F422AC2B8800E2CB3A /* CommunityGroupMock.json */; };
		637180F822AC2E0400E2CB3A /* CoreDataStack.swift in Sources */ = {isa = PBXBuildFile; fileRef = 637180F722AC2E0400E2CB3A /* CoreDataStack.swift */; };
		63C62ADC22ADA31900B9049A /* PersonTableViewCell.swift in Sources */ = {isa = PBXBuildFile; fileRef = 63C62ADB22ADA31900B9049A /* PersonTableViewCell.swift */; };
		63C62ADE22ADA3EE00B9049A /* EnitityConstants.swift in Sources */ = {isa = PBXBuildFile; fileRef = 63C62ADD22ADA3EE00B9049A /* EnitityConstants.swift */; };
/* End PBXBuildFile section */

/* Begin PBXFileReference section */
		637180D022AC29C200E2CB3A /* CoreDataLatest.app */ = {isa = PBXFileReference; explicitFileType = wrapper.application; includeInIndex = 0; path = CoreDataLatest.app; sourceTree = BUILT_PRODUCTS_DIR; };
		637180D322AC29C200E2CB3A /* AppDelegate.swift */ = {isa = PBXFileReference; lastKnownFileType = sourcecode.swift; path = AppDelegate.swift; sourceTree = "<group>"; };
		637180D522AC29C200E2CB3A /* ViewController.swift */ = {isa = PBXFileReference; lastKnownFileType = sourcecode.swift; path = ViewController.swift; sourceTree = "<group>"; };
		637180D822AC29C200E2CB3A /* Base */ = {isa = PBXFileReference; lastKnownFileType = file.storyboard; name = Base; path = Base.lproj/Main.storyboard; sourceTree = "<group>"; };
		637180DA22AC29C400E2CB3A /* Assets.xcassets */ = {isa = PBXFileReference; lastKnownFileType = folder.assetcatalog; path = Assets.xcassets; sourceTree = "<group>"; };
		637180DD22AC29C400E2CB3A /* Base */ = {isa = PBXFileReference; lastKnownFileType = file.storyboard; name = Base; path = Base.lproj/LaunchScreen.storyboard; sourceTree = "<group>"; };
		637180DF22AC29C500E2CB3A /* Info.plist */ = {isa = PBXFileReference; lastKnownFileType = text.plist.xml; path = Info.plist; sourceTree = "<group>"; };
		637180E922AC29F700E2CB3A /* Community.xcdatamodel */ = {isa = PBXFileReference; lastKnownFileType = wrapper.xcdatamodel; path = Community.xcdatamodel; sourceTree = "<group>"; };
		637180F422AC2B8800E2CB3A /* CommunityGroupMock.json */ = {isa = PBXFileReference; lastKnownFileType = text.json; path = CommunityGroupMock.json; sourceTree = "<group>"; };
		637180F722AC2E0400E2CB3A /* CoreDataStack.swift */ = {isa = PBXFileReference; lastKnownFileType = sourcecode.swift; path = CoreDataStack.swift; sourceTree = "<group>"; };
		63C62ADB22ADA31900B9049A /* PersonTableViewCell.swift */ = {isa = PBXFileReference; lastKnownFileType = sourcecode.swift; path = PersonTableViewCell.swift; sourceTree = "<group>"; };
		63C62ADD22ADA3EE00B9049A /* EnitityConstants.swift */ = {isa = PBXFileReference; lastKnownFileType = sourcecode.swift; path = EnitityConstants.swift; sourceTree = "<group>"; };
/* End PBXFileReference section */

/* Begin PBXFrameworksBuildPhase section */
		637180CD22AC29C200E2CB3A /* Frameworks */ = {
			isa = PBXFrameworksBuildPhase;
			buildActionMask = 2147483647;
			files = (
			);
			runOnlyForDeploymentPostprocessing = 0;
		};
/* End PBXFrameworksBuildPhase section */

/* Begin PBXGroup section */
		637180C722AC29C200E2CB3A = {
			isa = PBXGroup;
			children = (
				637180F622AC2DE600E2CB3A /* CoreDataStack */,
				637180F422AC2B8800E2CB3A /* CommunityGroupMock.json */,
				637180F322AC2B0500E2CB3A /* CoreDataModels */,
				637180D222AC29C200E2CB3A /* CoreDataLatest */,
				637180D122AC29C200E2CB3A /* Products */,
			);
			sourceTree = "<group>";
		};
		637180D122AC29C200E2CB3A /* Products */ = {
			isa = PBXGroup;
			children = (
				637180D022AC29C200E2CB3A /* CoreDataLatest.app */,
			);
			name = Products;
			sourceTree = "<group>";
		};
		637180D222AC29C200E2CB3A /* CoreDataLatest */ = {
			isa = PBXGroup;
			children = (
				637180D322AC29C200E2CB3A /* AppDelegate.swift */,
				637180D522AC29C200E2CB3A /* ViewController.swift */,
				637180D722AC29C200E2CB3A /* Main.storyboard */,
				637180DA22AC29C400E2CB3A /* Assets.xcassets */,
				637180DC22AC29C400E2CB3A /* LaunchScreen.storyboard */,
				637180DF22AC29C500E2CB3A /* Info.plist */,
				63C62ADB22ADA31900B9049A /* PersonTableViewCell.swift */,
			);
			path = CoreDataLatest;
			sourceTree = "<group>";
		};
		637180F322AC2B0500E2CB3A /* CoreDataModels */ = {
			isa = PBXGroup;
			children = (
				637180E822AC29F700E2CB3A /* Community.xcdatamodeld */,
			);
			path = CoreDataModels;
			sourceTree = "<group>";
		};
		637180F622AC2DE600E2CB3A /* CoreDataStack */ = {
			isa = PBXGroup;
			children = (
				637180F722AC2E0400E2CB3A /* CoreDataStack.swift */,
				63C62ADD22ADA3EE00B9049A /* EnitityConstants.swift */,
			);
			path = CoreDataStack;
			sourceTree = "<group>";
		};
/* End PBXGroup section */

/* Begin PBXNativeTarget section */
		637180CF22AC29C200E2CB3A /* CoreDataLatest */ = {
			isa = PBXNativeTarget;
			buildConfigurationList = 637180E222AC29C500E2CB3A /* Build configuration list for PBXNativeTarget "CoreDataLatest" */;
			buildPhases = (
				637180CC22AC29C200E2CB3A /* Sources */,
				637180CD22AC29C200E2CB3A /* Frameworks */,
				637180CE22AC29C200E2CB3A /* Resources */,
			);
			buildRules = (
			);
			dependencies = (
			);
			name = CoreDataLatest;
			productName = CoreDataLatest;
			productReference = 637180D022AC29C200E2CB3A /* CoreDataLatest.app */;
			productType = "com.apple.product-type.application";
		};
/* End PBXNativeTarget section */

/* Begin PBXProject section */
		637180C822AC29C200E2CB3A /* Project object */ = {
			isa = PBXProject;
			attributes = {
				LastSwiftUpdateCheck = 1000;
				LastUpgradeCheck = 1000;
				ORGANIZATIONNAME = "Iragam Reddy, Sreekanth Reddy";
				TargetAttributes = {
					637180CF22AC29C200E2CB3A = {
						CreatedOnToolsVersion = 10.0;
					};
				};
			};
			buildConfigurationList = 637180CB22AC29C200E2CB3A /* Build configuration list for PBXProject "CoreDataLatest" */;
			compatibilityVersion = "Xcode 9.3";
			developmentRegion = en;
			hasScannedForEncodings = 0;
			knownRegions = (
				en,
				Base,
			);
			mainGroup = 637180C722AC29C200E2CB3A;
			productRefGroup = 637180D122AC29C200E2CB3A /* Products */;
			projectDirPath = "";
			projectRoot = "";
			targets = (
				637180CF22AC29C200E2CB3A /* CoreDataLatest */,
			);
		};
/* End PBXProject section */

/* Begin PBXResourcesBuildPhase section */
		637180CE22AC29C200E2CB3A /* Resources */ = {
			isa = PBXResourcesBuildPhase;
			buildActionMask = 2147483647;
			files = (
				637180DE22AC29C400E2CB3A /* LaunchScreen.storyboard in Resources */,
				637180DB22AC29C400E2CB3A /* Assets.xcassets in Resources */,
				637180D922AC29C200E2CB3A /* Main.storyboard in Resources */,
				637180F522AC2B8800E2CB3A /* CommunityGroupMock.json in Resources */,
			);
			runOnlyForDeploymentPostprocessing = 0;
		};
/* End PBXResourcesBuildPhase section */

/* Begin PBXSourcesBuildPhase section */
		637180CC22AC29C200E2CB3A /* Sources */ = {
			isa = PBXSourcesBuildPhase;
			buildActionMask = 2147483647;
			files = (
				637180D622AC29C200E2CB3A /* ViewController.swift in Sources */,
				637180D422AC29C200E2CB3A /* AppDelegate.swift in Sources */,
				63C62ADE22ADA3EE00B9049A /* EnitityConstants.swift in Sources */,
				637180EA22AC29F700E2CB3A /* Community.xcdatamodeld in Sources */,
				63C62ADC22ADA31900B9049A /* PersonTableViewCell.swift in Sources */,
				637180F822AC2E0400E2CB3A /* CoreDataStack.swift in Sources */,
			);
			runOnlyForDeploymentPostprocessing = 0;
		};
/* End PBXSourcesBuildPhase section */

/* Begin PBXVariantGroup section */
		637180D722AC29C200E2CB3A /* Main.storyboard */ = {
			isa = PBXVariantGroup;
			children = (
				637180D822AC29C200E2CB3A /* Base */,
			);
			name = Main.storyboard;
			sourceTree = "<group>";
		};
		637180DC22AC29C400E2CB3A /* LaunchScreen.storyboard */ = {
			isa = PBXVariantGroup;
			children = (
				637180DD22AC29C400E2CB3A /* Base */,
			);
			name = LaunchScreen.storyboard;
			sourceTree = "<group>";
		};
/* End PBXVariantGroup section */

/* Begin XCBuildConfiguration section */
		637180E022AC29C500E2CB3A /* Debug */ = {
			isa = XCBuildConfiguration;
			buildSettings = {
				ALWAYS_SEARCH_USER_PATHS = NO;
				CLANG_ANALYZER_NONNULL = YES;
				CLANG_ANALYZER_NUMBER_OBJECT_CONVERSION = YES_AGGRESSIVE;
				CLANG_CXX_LANGUAGE_STANDARD = "gnu++14";
				CLANG_CXX_LIBRARY = "libc++";
				CLANG_ENABLE_MODULES = YES;
				CLANG_ENABLE_OBJC_ARC = YES;
				CLANG_ENABLE_OBJC_WEAK = YES;
				CLANG_WARN_BLOCK_CAPTURE_AUTORELEASING = YES;
				CLANG_WARN_BOOL_CONVERSION = YES;
				CLANG_WARN_COMMA = YES;
				CLANG_WARN_CONSTANT_CONVERSION = YES;
				CLANG_WARN_DEPRECATED_OBJC_IMPLEMENTATIONS = YES;
				CLANG_WARN_DIRECT_OBJC_ISA_USAGE = YES_ERROR;
				CLANG_WARN_DOCUMENTATION_COMMENTS = YES;
				CLANG_WARN_EMPTY_BODY = YES;
				CLANG_WARN_ENUM_CONVERSION = YES;
				CLANG_WARN_INFINITE_RECURSION = YES;
				CLANG_WARN_INT_CONVERSION = YES;
				CLANG_WARN_NON_LITERAL_NULL_CONVERSION = YES;
				CLANG_WARN_OBJC_IMPLICIT_RETAIN_SELF = YES;
				CLANG_WARN_OBJC_LITERAL_CONVERSION = YES;
				CLANG_WARN_OBJC_ROOT_CLASS = YES_ERROR;
				CLANG_WARN_RANGE_LOOP_ANALYSIS = YES;
				CLANG_WARN_STRICT_PROTOTYPES = YES;
				CLANG_WARN_SUSPICIOUS_MOVE = YES;
				CLANG_WARN_UNGUARDED_AVAILABILITY = YES_AGGRESSIVE;
				CLANG_WARN_UNREACHABLE_CODE = YES;
				CLANG_WARN__DUPLICATE_METHOD_MATCH = YES;
				CODE_SIGN_IDENTITY = "iPhone Developer";
				COPY_PHASE_STRIP = NO;
				DEBUG_INFORMATION_FORMAT = dwarf;
				ENABLE_STRICT_OBJC_MSGSEND = YES;
				ENABLE_TESTABILITY = YES;
				GCC_C_LANGUAGE_STANDARD = gnu11;
				GCC_DYNAMIC_NO_PIC = NO;
				GCC_NO_COMMON_BLOCKS = YES;
				GCC_OPTIMIZATION_LEVEL = 0;
				GCC_PREPROCESSOR_DEFINITIONS = (
					"DEBUG=1",
					"$(inherited)",
				);
				GCC_WARN_64_TO_32_BIT_CONVERSION = YES;
				GCC_WARN_ABOUT_RETURN_TYPE = YES_ERROR;
				GCC_WARN_UNDECLARED_SELECTOR = YES;
				GCC_WARN_UNINITIALIZED_AUTOS = YES_AGGRESSIVE;
				GCC_WARN_UNUSED_FUNCTION = YES;
				GCC_WARN_UNUSED_VARIABLE = YES;
				IPHONEOS_DEPLOYMENT_TARGET = 12.0;
				MTL_ENABLE_DEBUG_INFO = INCLUDE_SOURCE;
				MTL_FAST_MATH = YES;
				ONLY_ACTIVE_ARCH = YES;
				SDKROOT = iphoneos;
				SWIFT_ACTIVE_COMPILATION_CONDITIONS = DEBUG;
				SWIFT_OPTIMIZATION_LEVEL = "-Onone";
			};
			name = Debug;
		};
		637180E122AC29C500E2CB3A /* Release */ = {
			isa = XCBuildConfiguration;
			buildSettings = {
				ALWAYS_SEARCH_USER_PATHS = NO;
				CLANG_ANALYZER_NONNULL = YES;
				CLANG_ANALYZER_NUMBER_OBJECT_CONVERSION = YES_AGGRESSIVE;
				CLANG_CXX_LANGUAGE_STANDARD = "gnu++14";
				CLANG_CXX_LIBRARY = "libc++";
				CLANG_ENABLE_MODULES = YES;
				CLANG_ENABLE_OBJC_ARC = YES;
				CLANG_ENABLE_OBJC_WEAK = YES;
				CLANG_WARN_BLOCK_CAPTURE_AUTORELEASING = YES;
				CLANG_WARN_BOOL_CONVERSION = YES;
				CLANG_WARN_COMMA = YES;
				CLANG_WARN_CONSTANT_CONVERSION = YES;
				CLANG_WARN_DEPRECATED_OBJC_IMPLEMENTATIONS = YES;
				CLANG_WARN_DIRECT_OBJC_ISA_USAGE = YES_ERROR;
				CLANG_WARN_DOCUMENTATION_COMMENTS = YES;
				CLANG_WARN_EMPTY_BODY = YES;
				CLANG_WARN_ENUM_CONVERSION = YES;
				CLANG_WARN_INFINITE_RECURSION = YES;
				CLANG_WARN_INT_CONVERSION = YES;
				CLANG_WARN_NON_LITERAL_NULL_CONVERSION = YES;
				CLANG_WARN_OBJC_IMPLICIT_RETAIN_SELF = YES;
				CLANG_WARN_OBJC_LITERAL_CONVERSION = YES;
				CLANG_WARN_OBJC_ROOT_CLASS = YES_ERROR;
				CLANG_WARN_RANGE_LOOP_ANALYSIS = YES;
				CLANG_WARN_STRICT_PROTOTYPES = YES;
				CLANG_WARN_SUSPICIOUS_MOVE = YES;
				CLANG_WARN_UNGUARDED_AVAILABILITY = YES_AGGRESSIVE;
				CLANG_WARN_UNREACHABLE_CODE = YES;
				CLANG_WARN__DUPLICATE_METHOD_MATCH = YES;
				CODE_SIGN_IDENTITY = "iPhone Developer";
				COPY_PHASE_STRIP = NO;
				DEBUG_INFORMATION_FORMAT = "dwarf-with-dsym";
				ENABLE_NS_ASSERTIONS = NO;
				ENABLE_STRICT_OBJC_MSGSEND = YES;
				GCC_C_LANGUAGE_STANDARD = gnu11;
				GCC_NO_COMMON_BLOCKS = YES;
				GCC_WARN_64_TO_32_BIT_CONVERSION = YES;
				GCC_WARN_ABOUT_RETURN_TYPE = YES_ERROR;
				GCC_WARN_UNDECLARED_SELECTOR = YES;
				GCC_WARN_UNINITIALIZED_AUTOS = YES_AGGRESSIVE;
				GCC_WARN_UNUSED_FUNCTION = YES;
				GCC_WARN_UNUSED_VARIABLE = YES;
				IPHONEOS_DEPLOYMENT_TARGET = 12.0;
				MTL_ENABLE_DEBUG_INFO = NO;
				MTL_FAST_MATH = YES;
				SDKROOT = iphoneos;
				SWIFT_COMPILATION_MODE = wholemodule;
				SWIFT_OPTIMIZATION_LEVEL = "-O";
				VALIDATE_PRODUCT = YES;
			};
			name = Release;
		};
		637180E322AC29C500E2CB3A /* Debug */ = {
			isa = XCBuildConfiguration;
			buildSettings = {
				ASSETCATALOG_COMPILER_APPICON_NAME = AppIcon;
				CODE_SIGN_STYLE = Automatic;
				INFOPLIST_FILE = CoreDataLatest/Info.plist;
				LD_RUNPATH_SEARCH_PATHS = (
					"$(inherited)",
					"@executable_path/Frameworks",
				);
				PRODUCT_BUNDLE_IDENTIFIER = new.universal.viper.CoreDataLatest;
				PRODUCT_NAME = "$(TARGET_NAME)";
				SWIFT_VERSION = 4.2;
				TARGETED_DEVICE_FAMILY = "1,2";
			};
			name = Debug;
		};
		637180E422AC29C500E2CB3A /* Release */ = {
			isa = XCBuildConfiguration;
			buildSettings = {
				ASSETCATALOG_COMPILER_APPICON_NAME = AppIcon;
				CODE_SIGN_STYLE = Automatic;
				INFOPLIST_FILE = CoreDataLatest/Info.plist;
				LD_RUNPATH_SEARCH_PATHS = (
					"$(inherited)",
					"@executable_path/Frameworks",
				);
				PRODUCT_BUNDLE_IDENTIFIER = new.universal.viper.CoreDataLatest;
				PRODUCT_NAME = "$(TARGET_NAME)";
				SWIFT_VERSION = 4.2;
				TARGETED_DEVICE_FAMILY = "1,2";
			};
			name = Release;
		};
/* End XCBuildConfiguration section */

/* Begin XCConfigurationList section */
		637180CB22AC29C200E2CB3A /* Build configuration list for PBXProject "CoreDataLatest" */ = {
			isa = XCConfigurationList;
			buildConfigurations = (
				637180E022AC29C500E2CB3A /* Debug */,
				637180E122AC29C500E2CB3A /* Release */,
			);
			defaultConfigurationIsVisible = 0;
			defaultConfigurationName = Release;
		};
		637180E222AC29C500E2CB3A /* Build configuration list for PBXNativeTarget "CoreDataLatest" */ = {
			isa = XCConfigurationList;
			buildConfigurations = (
				637180E322AC29C500E2CB3A /* Debug */,
				637180E422AC29C500E2CB3A /* Release */,
			);
			defaultConfigurationIsVisible = 0;
			defaultConfigurationName = Release;
		};
/* End XCConfigurationList section */

/* Begin XCVersionGroup section */
		637180E822AC29F700E2CB3A /* Community.xcdatamodeld */ = {
			isa = XCVersionGroup;
			children = (
				637180E922AC29F700E2CB3A /* Community.xcdatamodel */,
			);
			currentVersion = 637180E922AC29F700E2CB3A /* Community.xcdatamodel */;
			path = Community.xcdatamodeld;
			sourceTree = "<group>";
			versionGroupType = wrapper.xcdatamodel;
		};
/* End XCVersionGroup section */
	};
	rootObject = 637180C822AC29C200E2CB3A /* Project object */;
}
